version = 1
revision = 3
requires-python = ">=3.11"

[[package]]
name = "async-timeout"
version = "5.0.1"
source = { registry = "https://pypi.org/simple" }
sdist = { url = "https://files.pythonhosted.org/packages/a5/ae/136395dfbfe00dfc94da3f3e136d0b13f394cba8f4841120e34226265780/async_timeout-5.0.1.tar.gz", hash = "sha256:d9321a7a3d5a6a5e187e824d2fa0793ce379a202935782d555d6e9d2735677d3", size = 9274, upload-time = "2024-11-06T16:41:39.6Z" }
wheels = [
    { url = "https://files.pythonhosted.org/packages/fe/ba/e2081de779ca30d473f21f5b30e0e737c438205440784c7dfc81efc2b029/async_timeout-5.0.1-py3-none-any.whl", hash = "sha256:39e3809566ff85354557ec2398b55e096c8364bacac9405a7a1fa429e77fe76c", size = 6233, upload-time = "2024-11-06T16:41:37.9Z" },
]

[[package]]
name = "asyncpg"
version = "0.29.0"
source = { registry = "https://pypi.org/simple" }
dependencies = [
    { name = "async-timeout", marker = "python_full_version < '3.12'" },
]
sdist = { url = "https://files.pythonhosted.org/packages/c1/11/7a6000244eaeb6b8ed2238bf33477c486515d6133f2c295913aca3ba4a00/asyncpg-0.29.0.tar.gz", hash = "sha256:d1c49e1f44fffafd9a55e1a9b101590859d881d639ea2922516f5d9c512d354e", size = 820455, upload-time = "2023-11-05T05:59:10.879Z" }
wheels = [
    { url = "https://files.pythonhosted.org/packages/69/28/3e3c4e243778f0361214b9d6e8bc6aa8e8bf55f35a2d2cb8949a6863caab/asyncpg-0.29.0-cp311-cp311-macosx_10_9_x86_64.whl", hash = "sha256:d4900ee08e85af01adb207519bb4e14b1cae8fd21e0ccf80fac6aa60b6da37b4", size = 653061, upload-time = "2023-11-05T05:58:00.147Z" },
    { url = "https://files.pythonhosted.org/packages/4a/13/f96284d7014dd06db2e78bea15706443d7895548bf74cf34f0c3ee1863fd/asyncpg-0.29.0-cp311-cp311-macosx_11_0_arm64.whl", hash = "sha256:a65c1dcd820d5aea7c7d82a3fdcb70e096f8f70d1a8bf93eb458e49bfad036ac", size = 638740, upload-time = "2023-11-05T05:58:02.438Z" },
    { url = "https://files.pythonhosted.org/packages/27/25/d140bd503932f99528edc0a1461648973ad3c1c67f5929d11f3e8b5f81f4/asyncpg-0.29.0-cp311-cp311-manylinux_2_17_aarch64.manylinux2014_aarch64.whl", hash = "sha256:5b52e46f165585fd6af4863f268566668407c76b2c72d366bb8b522fa66f1870", size = 2788952, upload-time = "2023-11-05T05:58:04.895Z" },
    { url = "https://files.pythonhosted.org/packages/c4/41/a0bdc18f13bdd5f27e7fc1b5de7e1caae19951967c109bca1a2e99cf3331/asyncpg-0.29.0-cp311-cp311-manylinux_2_17_x86_64.manylinux2014_x86_64.whl", hash = "sha256:dc600ee8ef3dd38b8d67421359779f8ccec30b463e7aec7ed481c8346decf99f", size = 2809108, upload-time = "2023-11-05T05:58:07.021Z" },
    { url = "https://files.pythonhosted.org/packages/f2/1f/1737248d7b1b75d19e7f07a98321bc58cb6fc979754c78544cfebff3359b/asyncpg-0.29.0-cp311-cp311-musllinux_1_1_aarch64.whl", hash = "sha256:039a261af4f38f949095e1e780bae84a25ffe3e370175193174eb08d3cecab23", size = 3355924, upload-time = "2023-11-05T05:58:09.676Z" },
    { url = "https://files.pythonhosted.org/packages/88/b0/6bebd69ed484055d47b78ea34fd9887c35694b63c9a648a7f02759d3bf73/asyncpg-0.29.0-cp311-cp311-musllinux_1_1_x86_64.whl", hash = "sha256:6feaf2d8f9138d190e5ec4390c1715c3e87b37715cd69b2c3dfca616134efd2b", size = 3391360, upload-time = "2023-11-05T05:58:12.203Z" },
    { url = "https://files.pythonhosted.org/packages/5b/89/3ed6e9d235f8aa13aa8ee8dc3a70f754962dbd441bec2dcfdae9f9e0e2e3/asyncpg-0.29.0-cp311-cp311-win32.whl", hash = "sha256:1e186427c88225ef730555f5fdda6c1812daa884064bfe6bc462fd3a71c4b675", size = 496216, upload-time = "2023-11-05T05:58:14.483Z" },
    { url = "https://files.pythonhosted.org/packages/f2/39/f7e755b5d5aa59d8385c08be58726aceffc1da9360041031554d664c783f/asyncpg-0.29.0-cp311-cp311-win_amd64.whl", hash = "sha256:cfe73ffae35f518cfd6e4e5f5abb2618ceb5ef02a2365ce64f132601000587d3", size = 543321, upload-time = "2023-11-05T05:58:16.329Z" },
    { url = "https://files.pythonhosted.org/packages/f2/b7/38b7c195f66a5598413c538da499b3f8119ba5764ded6fff620f7eb84c65/asyncpg-0.29.0-cp312-cp312-macosx_10_9_x86_64.whl", hash = "sha256:6011b0dc29886ab424dc042bf9eeb507670a3b40aece3439944006aafe023178", size = 636282, upload-time = "2023-11-05T05:58:18.594Z" },
    { url = "https://files.pythonhosted.org/packages/eb/0b/d128b57f7e994a6d71253d0a6a8c949fc50c969785010d46b87d8491be24/asyncpg-0.29.0-cp312-cp312-macosx_11_0_arm64.whl", hash = "sha256:b544ffc66b039d5ec5a7454667f855f7fec08e0dfaf5a5490dfafbb7abbd2cfb", size = 618024, upload-time = "2023-11-05T05:58:20.55Z" },
    { url = "https://files.pythonhosted.org/packages/49/ac/0396e559e1e7ab23787f790ae96b22affe2d66acebb084d6fc42293d12b8/asyncpg-0.29.0-cp312-cp312-manylinux_2_17_aarch64.manylinux2014_aarch64.whl", hash = "sha256:d84156d5fb530b06c493f9e7635aa18f518fa1d1395ef240d211cb563c4e2364", size = 3196465, upload-time = "2023-11-05T05:58:22.559Z" },
    { url = "https://files.pythonhosted.org/packages/99/38/0bfb00e9b828513bd759174860fd2b1c5e36d0b33985c90ff4ed6f96814c/asyncpg-0.29.0-cp312-cp312-manylinux_2_17_x86_64.manylinux2014_x86_64.whl", hash = "sha256:54858bc25b49d1114178d65a88e48ad50cb2b6f3e475caa0f0c092d5f527c106", size = 3275564, upload-time = "2023-11-05T05:58:24.888Z" },
    { url = "https://files.pythonhosted.org/packages/16/1b/bb42784e9895832bf460ee6643f818bd53e4d6a6308cca5984c581a51845/asyncpg-0.29.0-cp312-cp312-musllinux_1_1_aarch64.whl", hash = "sha256:bde17a1861cf10d5afce80a36fca736a86769ab3579532c03e45f83ba8a09c59", size = 3164724, upload-time = "2023-11-05T05:58:27.368Z" },
    { url = "https://files.pythonhosted.org/packages/d5/d1/7ed5169e30e80573c942f5a6f29b2f87d5b8379bdd9bd916f0ed136c874e/asyncpg-0.29.0-cp312-cp312-musllinux_1_1_x86_64.whl", hash = "sha256:37a2ec1b9ff88d8773d3eb6d3784dc7e3fee7756a5317b67f923172a4748a175", size = 3252834, upload-time = "2023-11-05T05:58:30.068Z" },
    { url = "https://files.pythonhosted.org/packages/91/2e/20e024608c57c2099531ba492c761b12fdd80891a67e58c92de44d05d57e/asyncpg-0.29.0-cp312-cp312-win32.whl", hash = "sha256:bb1292d9fad43112a85e98ecdc2e051602bce97c199920586be83254d9dafc02", size = 487254, upload-time = "2023-11-05T05:58:32.517Z" },
    { url = "https://files.pythonhosted.org/packages/71/86/7a18e1a457afb73991e5e5586e2341af09a31c91d8f65cc003f0b4553252/asyncpg-0.29.0-cp312-cp312-win_amd64.whl", hash = "sha256:2245be8ec5047a605e0b454c894e54bf2ec787ac04b1cb7e0d3c67aa1e32f0fe", size = 530253, upload-time = "2023-11-05T05:58:34.273Z" },
]

[[package]]
name = "db-init"
version = "0.1.1"
source = { virtual = "." }
dependencies = [
    { name = "asyncpg" },
]

[package.metadata]
requires-dist = [{ name = "asyncpg", specifier = "==0.29.0" }]
